# Generated by buf. DO NOT EDIT.
version: v1
deps:
  - remote: buf.build
    owner: googleapis
    repository: googleapis
    commit: 0173a713ae734ba4ad55a7f32f63326d
  - remote: buf.build
    owner: mobilecoin
    repository: api
    commit: 5ff3b96236904f4eaa5929dc1e1af1a5
  - remote: buf.build
    owner: mobilecoin
    repository: attest-api
    commit: 56d8373965384321bc499ab8d8854e0e
  - remote: buf.build
    owner: mobilecoin
    repository: consensus-api
    commit: 962a5b584b4f4640aef5e8b893ea1ee5
